
Microsoft Visual Studio Solution File, Format Version 12.00
# Visual Studio Version 16
VisualStudioVersion = 16.0.29920.165
MinimumVisualStudioVersion = 10.0.40219.1
Project("{FAE04EC0-301F-11D3-BF4B-00C04F79EFBC}") = "snakeeater", "snakeeater\snakeeater.csproj", "{CE0CBD75-71E2-4559-87EF-8238160871C9}"
EndProject
Global
	GlobalSection(SolutionConfigurationPlatforms) = preSolution
		Debug|Any CPU = Debug|Any CPU
		Release|Any CPU = Release|Any CPU
	EndGlobalSection
	GlobalSection(ProjectConfigurationPlatforms) = postSolution
		{CE0CBD75-71E2-4559-87EF-8238160871C9}.Debug|Any CPU.ActiveCfg = Debug|Any CPU
		{CE0CBD75-71E2-4559-87EF-8238160871C9}.Debug|Any CPU.Build.0 = Debug|Any CPU
		{CE0CBD75-71E2-4559-87EF-8238160871C9}.Release|Any CPU.ActiveCfg = Release|Any CPU
		{CE0CBD75-71E2-4559-87EF-8238160871C9}.Release|Any CPU.Build.0 = Release|Any CPU
	EndGlobalSection
	GlobalSection(SolutionProperties) = preSolution
		HideSolutionNode = FALSE
	EndGlobalSection
	GlobalSection(ExtensibilityGlobals) = postSolution
		SolutionGuid = {AB18D235-F45E-4760-8BA5-C75B190EF569}
	EndGlobalSection
EndGlobal
